PODS:
  - CTYPImagePicker (4.6.3):
    - Mantis (~> 1.4.12)
    - PryntTrimmerView (~> 4.0.2)
    - SteviaLayout (~> 4.7.3)
  - Flutter (1.0.0)
  - ins_images_picker (0.1.2):
    - CTYPImagePicker (~> 4.6.2)
    - Flutter
  - Mantis (1.4.12)
  - PryntTrimmerView (4.0.2)
  - SteviaLayout (4.7.3)
  - video_player (0.0.1):
    - Flutter

DEPENDENCIES:
  - CTYPImagePicker (from `https://github.com/CarnegieTechnologies/YPImagePicker.git`, branch `master`)
  - Flutter (from `Flutter`)
  - ins_images_picker (from `.symlinks/plugins/ins_images_picker/ios`)
  - video_player (from `.symlinks/plugins/video_player/ios`)

SPEC REPOS:
  trunk:
    - Mantis
    - PryntTrimmerView
    - SteviaLayout

EXTERNAL SOURCES:
  CTYPImagePicker:
    :branch: master
    :git: https://github.com/CarnegieTechnologies/YPImagePicker.git
  Flutter:
    :path: Flutter
  ins_images_picker:
    :path: ".symlinks/plugins/ins_images_picker/ios"
  video_player:
    :path: ".symlinks/plugins/video_player/ios"

CHECKOUT OPTIONS:
  CTYPImagePicker:
    :commit: dd779a287afdd8e7ba2d3b47bb0b2229ae06c070
    :git: https://github.com/CarnegieTechnologies/YPImagePicker.git

SPEC CHECKSUMS:
  CTYPImagePicker: 56e9e11560c261667f45984e1bd9d3c3078e8ed3
  Flutter: 0e3d915762c693b495b44d77113d4970485de6ec
  ins_images_picker: f8174244d6603d9395ca9f6f4402388adfe76740
  Mantis: c2afb625fc19754877b36e7a2708359a32577d7c
  PryntTrimmerView: 6a43cc90df5d99addeabd33d4ba09b1365322130
  SteviaLayout: c2ecdcff57d44e38fd2f65e54ad52aeae28ca0c4
  video_player: 9cc823b1d9da7e8427ee591e8438bfbcde500e6e

PODFILE CHECKSUM: e43dbafb502c18bbf309fba4c273e4f9805a8b72

COCOAPODS: 1.9.3
