PODS:
  - Flutter (1.0.0)
  - ins_images_picker (0.0.2):
    - Flutter
    - YPImagePicker
  - PryntTrimmerView (4.0.2)
  - SteviaLayout (4.7.3)
  - video_player (0.0.1):
    - Flutter
  - YPImagePicker (4.4.0):
    - PryntTrimmerView (~> 4.0.2)
    - SteviaLayout (~> 4.7.3)

DEPENDENCIES:
  - Flutter (from `Flutter`)
  - ins_images_picker (from `.symlinks/plugins/ins_images_picker/ios`)
  - video_player (from `.symlinks/plugins/video_player/ios`)

SPEC REPOS:
  trunk:
    - PryntTrimmerView
    - SteviaLayout
    - YPImagePicker

EXTERNAL SOURCES:
  Flutter:
    :path: Flutter
  ins_images_picker:
    :path: ".symlinks/plugins/ins_images_picker/ios"
  video_player:
    :path: ".symlinks/plugins/video_player/ios"

SPEC CHECKSUMS:
  Flutter: 0e3d915762c693b495b44d77113d4970485de6ec
  ins_images_picker: 808dfc7aedbdf920ee081f7d9e02ce180e0b1d96
  PryntTrimmerView: 6a43cc90df5d99addeabd33d4ba09b1365322130
  SteviaLayout: c2ecdcff57d44e38fd2f65e54ad52aeae28ca0c4
  video_player: 9cc823b1d9da7e8427ee591e8438bfbcde500e6e
  YPImagePicker: 15aed8bcaa4dad976e11b6114126d731a2f9f3c9

PODFILE CHECKSUM: aafe91acc616949ddb318b77800a7f51bffa2a4c

COCOAPODS: 1.8.4
